
Microsoft Visual Studio Solution File, Format Version 12.00
# Visual Studio Version 17
VisualStudioVersion = 17.3.32804.467
MinimumVisualStudioVersion = 10.0.40219.1
Project("{FAE04EC0-301F-11D3-BF4B-00C04F79EFBC}") = "BoxSystem", "BoxSystem\BoxSystem.csproj", "{C986C3E2-4255-4B81-8EBF-A0D2EC04E9B3}"
EndProject
Project("{FAE04EC0-301F-11D3-BF4B-00C04F79EFBC}") = "DataStructures", "DataStructures\DataStructures.csproj", "{72349E09-EC3C-4056-9BEF-D3DA5C2FD910}"
EndProject
Project("{FAE04EC0-301F-11D3-BF4B-00C04F79EFBC}") = "Models", "Models\Models.csproj", "{98651EF7-00A6-4AFB-A1D1-6A9FC41B9C2C}"
EndProject
Project("{FAE04EC0-301F-11D3-BF4B-00C04F79EFBC}") = "ManageSystem", "ManageSystem\ManageSystem.csproj", "{AFB5BBD0-4071-47D7-B145-6AA8CDB2F870}"
EndProject
Project("{FAE04EC0-301F-11D3-BF4B-00C04F79EFBC}") = "Services", "Services\Services.csproj", "{D40828AA-C9B1-42DC-A122-BB6C093A4DAE}"
EndProject
Global
	GlobalSection(SolutionConfigurationPlatforms) = preSolution
		Debug|Any CPU = Debug|Any CPU
		Release|Any CPU = Release|Any CPU
	EndGlobalSection
	GlobalSection(ProjectConfigurationPlatforms) = postSolution
		{C986C3E2-4255-4B81-8EBF-A0D2EC04E9B3}.Debug|Any CPU.ActiveCfg = Debug|Any CPU
		{C986C3E2-4255-4B81-8EBF-A0D2EC04E9B3}.Debug|Any CPU.Build.0 = Debug|Any CPU
		{C986C3E2-4255-4B81-8EBF-A0D2EC04E9B3}.Release|Any CPU.ActiveCfg = Release|Any CPU
		{C986C3E2-4255-4B81-8EBF-A0D2EC04E9B3}.Release|Any CPU.Build.0 = Release|Any CPU
		{72349E09-EC3C-4056-9BEF-D3DA5C2FD910}.Debug|Any CPU.ActiveCfg = Debug|Any CPU
		{72349E09-EC3C-4056-9BEF-D3DA5C2FD910}.Debug|Any CPU.Build.0 = Debug|Any CPU
		{72349E09-EC3C-4056-9BEF-D3DA5C2FD910}.Release|Any CPU.ActiveCfg = Release|Any CPU
		{72349E09-EC3C-4056-9BEF-D3DA5C2FD910}.Release|Any CPU.Build.0 = Release|Any CPU
		{98651EF7-00A6-4AFB-A1D1-6A9FC41B9C2C}.Debug|Any CPU.ActiveCfg = Debug|Any CPU
		{98651EF7-00A6-4AFB-A1D1-6A9FC41B9C2C}.Debug|Any CPU.Build.0 = Debug|Any CPU
		{98651EF7-00A6-4AFB-A1D1-6A9FC41B9C2C}.Release|Any CPU.ActiveCfg = Release|Any CPU
		{98651EF7-00A6-4AFB-A1D1-6A9FC41B9C2C}.Release|Any CPU.Build.0 = Release|Any CPU
		{AFB5BBD0-4071-47D7-B145-6AA8CDB2F870}.Debug|Any CPU.ActiveCfg = Debug|Any CPU
		{AFB5BBD0-4071-47D7-B145-6AA8CDB2F870}.Debug|Any CPU.Build.0 = Debug|Any CPU
		{AFB5BBD0-4071-47D7-B145-6AA8CDB2F870}.Release|Any CPU.ActiveCfg = Release|Any CPU
		{AFB5BBD0-4071-47D7-B145-6AA8CDB2F870}.Release|Any CPU.Build.0 = Release|Any CPU
		{D40828AA-C9B1-42DC-A122-BB6C093A4DAE}.Debug|Any CPU.ActiveCfg = Debug|Any CPU
		{D40828AA-C9B1-42DC-A122-BB6C093A4DAE}.Debug|Any CPU.Build.0 = Debug|Any CPU
		{D40828AA-C9B1-42DC-A122-BB6C093A4DAE}.Release|Any CPU.ActiveCfg = Release|Any CPU
		{D40828AA-C9B1-42DC-A122-BB6C093A4DAE}.Release|Any CPU.Build.0 = Release|Any CPU
	EndGlobalSection
	GlobalSection(SolutionProperties) = preSolution
		HideSolutionNode = FALSE
	EndGlobalSection
	GlobalSection(ExtensibilityGlobals) = postSolution
		SolutionGuid = {50DA66ED-C318-4088-955F-28B289D81CE8}
	EndGlobalSection
EndGlobal
